// !$*UTF8*$!
{
	archiveVersion = 1;
	classes = {
	};
	objectVersion = 50;
	objects = {

/* Begin PBXBuildFile section */
		7D2A0CAE24899A9200401B84 /* AppDelegate.swift in Sources */ = {isa = PBXBuildFile; fileRef = 7D2A0CAD24899A9200401B84 /* AppDelegate.swift */; };
		7D2A0CB024899A9200401B84 /* SceneDelegate.swift in Sources */ = {isa = PBXBuildFile; fileRef = 7D2A0CAF24899A9200401B84 /* SceneDelegate.swift */; };
		7D2A0CB224899A9200401B84 /* ContentView.swift in Sources */ = {isa = PBXBuildFile; fileRef = 7D2A0CB124899A9200401B84 /* ContentView.swift */; };
		7D2A0CB424899A9500401B84 /* Assets.xcassets in Resources */ = {isa = PBXBuildFile; fileRef = 7D2A0CB324899A9500401B84 /* Assets.xcassets */; };
		7D2A0CB724899A9500401B84 /* Preview Assets.xcassets in Resources */ = {isa = PBXBuildFile; fileRef = 7D2A0CB624899A9500401B84 /* Preview Assets.xcassets */; };
		7D2A0CBA24899A9500401B84 /* LaunchScreen.storyboard in Resources */ = {isa = PBXBuildFile; fileRef = 7D2A0CB824899A9500401B84 /* LaunchScreen.storyboard */; };
		7D2A0CC224899AAE00401B84 /* ImageClassifier.swift in Sources */ = {isa = PBXBuildFile; fileRef = 7D2A0CC124899AAE00401B84 /* ImageClassifier.swift */; };
		7D2A0CC424899AB800401B84 /* Extensions.swift in Sources */ = {isa = PBXBuildFile; fileRef = 7D2A0CC324899AB800401B84 /* Extensions.swift */; };
		7D2A0CC624899ABF00401B84 /* MNISTClassifier.mlmodel in Sources */ = {isa = PBXBuildFile; fileRef = 7D2A0CC524899ABF00401B84 /* MNISTClassifier.mlmodel */; };
		7D2A0CC824899AC700401B84 /* DrawingPad.swift in Sources */ = {isa = PBXBuildFile; fileRef = 7D2A0CC724899AC700401B84 /* DrawingPad.swift */; };
		7D2A0CCA24899ACE00401B84 /* Drawing.swift in Sources */ = {isa = PBXBuildFile; fileRef = 7D2A0CC924899ACE00401B84 /* Drawing.swift */; };
		7D2A0CCC24899AD700401B84 /* CalculatorBrain.swift in Sources */ = {isa = PBXBuildFile; fileRef = 7D2A0CCB24899AD700401B84 /* CalculatorBrain.swift */; };
		7D2A0CCE24899AE600401B84 /* CalculatorView.swift in Sources */ = {isa = PBXBuildFile; fileRef = 7D2A0CCD24899AE600401B84 /* CalculatorView.swift */; };
/* End PBXBuildFile section */

/* Begin PBXFileReference section */
		7D2A0CAA24899A9200401B84 /* SwiftCalculator.app */ = {isa = PBXFileReference; explicitFileType = wrapper.application; includeInIndex = 0; path = SwiftCalculator.app; sourceTree = BUILT_PRODUCTS_DIR; };
		7D2A0CAD24899A9200401B84 /* AppDelegate.swift */ = {isa = PBXFileReference; lastKnownFileType = sourcecode.swift; path = AppDelegate.swift; sourceTree = "<group>"; };
		7D2A0CAF24899A9200401B84 /* SceneDelegate.swift */ = {isa = PBXFileReference; lastKnownFileType = sourcecode.swift; path = SceneDelegate.swift; sourceTree = "<group>"; };
		7D2A0CB124899A9200401B84 /* ContentView.swift */ = {isa = PBXFileReference; lastKnownFileType = sourcecode.swift; path = ContentView.swift; sourceTree = "<group>"; };
		7D2A0CB324899A9500401B84 /* Assets.xcassets */ = {isa = PBXFileReference; lastKnownFileType = folder.assetcatalog; path = Assets.xcassets; sourceTree = "<group>"; };
		7D2A0CB624899A9500401B84 /* Preview Assets.xcassets */ = {isa = PBXFileReference; lastKnownFileType = folder.assetcatalog; path = "Preview Assets.xcassets"; sourceTree = "<group>"; };
		7D2A0CB924899A9500401B84 /* Base */ = {isa = PBXFileReference; lastKnownFileType = file.storyboard; name = Base; path = Base.lproj/LaunchScreen.storyboard; sourceTree = "<group>"; };
		7D2A0CBB24899A9500401B84 /* Info.plist */ = {isa = PBXFileReference; lastKnownFileType = text.plist.xml; path = Info.plist; sourceTree = "<group>"; };
		7D2A0CC124899AAE00401B84 /* ImageClassifier.swift */ = {isa = PBXFileReference; fileEncoding = 4; lastKnownFileType = sourcecode.swift; path = ImageClassifier.swift; sourceTree = "<group>"; };
		7D2A0CC324899AB800401B84 /* Extensions.swift */ = {isa = PBXFileReference; fileEncoding = 4; lastKnownFileType = sourcecode.swift; path = Extensions.swift; sourceTree = "<group>"; };
		7D2A0CC524899ABF00401B84 /* MNISTClassifier.mlmodel */ = {isa = PBXFileReference; lastKnownFileType = file.mlmodel; path = MNISTClassifier.mlmodel; sourceTree = "<group>"; };
		7D2A0CC724899AC700401B84 /* DrawingPad.swift */ = {isa = PBXFileReference; fileEncoding = 4; lastKnownFileType = sourcecode.swift; path = DrawingPad.swift; sourceTree = "<group>"; };
		7D2A0CC924899ACE00401B84 /* Drawing.swift */ = {isa = PBXFileReference; fileEncoding = 4; lastKnownFileType = sourcecode.swift; path = Drawing.swift; sourceTree = "<group>"; };
		7D2A0CCB24899AD700401B84 /* CalculatorBrain.swift */ = {isa = PBXFileReference; fileEncoding = 4; lastKnownFileType = sourcecode.swift; path = CalculatorBrain.swift; sourceTree = "<group>"; };
		7D2A0CCD24899AE600401B84 /* CalculatorView.swift */ = {isa = PBXFileReference; fileEncoding = 4; lastKnownFileType = sourcecode.swift; path = CalculatorView.swift; sourceTree = "<group>"; };
/* End PBXFileReference section */

/* Begin PBXFrameworksBuildPhase section */
		7D2A0CA724899A9200401B84 /* Frameworks */ = {
			isa = PBXFrameworksBuildPhase;
			buildActionMask = 2147483647;
			files = (
			);
			runOnlyForDeploymentPostprocessing = 0;
		};
/* End PBXFrameworksBuildPhase section */

/* Begin PBXGroup section */
		7D2A0CA124899A9200401B84 = {
			isa = PBXGroup;
			children = (
				7D2A0CAC24899A9200401B84 /* SwiftCalculator */,
				7D2A0CAB24899A9200401B84 /* Products */,
			);
			sourceTree = "<group>";
		};
		7D2A0CAB24899A9200401B84 /* Products */ = {
			isa = PBXGroup;
			children = (
				7D2A0CAA24899A9200401B84 /* SwiftCalculator.app */,
			);
			name = Products;
			sourceTree = "<group>";
		};
		7D2A0CAC24899A9200401B84 /* SwiftCalculator */ = {
			isa = PBXGroup;
			children = (
				7D2A0CAD24899A9200401B84 /* AppDelegate.swift */,
				7D2A0CAF24899A9200401B84 /* SceneDelegate.swift */,
				7D2A0CB124899A9200401B84 /* ContentView.swift */,
				7D2A0CC124899AAE00401B84 /* ImageClassifier.swift */,
				7D2A0CCF24899B9400401B84 /* Calculator */,
				7D2A0CD024899B9E00401B84 /* DrawingPad */,
				7D2A0CC324899AB800401B84 /* Extensions.swift */,
				7D2A0CB324899A9500401B84 /* Assets.xcassets */,
				7D2A0CC524899ABF00401B84 /* MNISTClassifier.mlmodel */,
				7D2A0CB824899A9500401B84 /* LaunchScreen.storyboard */,
				7D2A0CBB24899A9500401B84 /* Info.plist */,
				7D2A0CB524899A9500401B84 /* Preview Content */,
			);
			path = SwiftCalculator;
			sourceTree = "<group>";
		};
		7D2A0CB524899A9500401B84 /* Preview Content */ = {
			isa = PBXGroup;
			children = (
				7D2A0CB624899A9500401B84 /* Preview Assets.xcassets */,
			);
			path = "Preview Content";
			sourceTree = "<group>";
		};
		7D2A0CCF24899B9400401B84 /* Calculator */ = {
			isa = PBXGroup;
			children = (
				7D2A0CCD24899AE600401B84 /* CalculatorView.swift */,
				7D2A0CCB24899AD700401B84 /* CalculatorBrain.swift */,
			);
			path = Calculator;
			sourceTree = "<group>";
		};
		7D2A0CD024899B9E00401B84 /* DrawingPad */ = {
			isa = PBXGroup;
			children = (
				7D2A0CC724899AC700401B84 /* DrawingPad.swift */,
				7D2A0CC924899ACE00401B84 /* Drawing.swift */,
			);
			path = DrawingPad;
			sourceTree = "<group>";
		};
/* End PBXGroup section */

/* Begin PBXNativeTarget section */
		7D2A0CA924899A9200401B84 /* SwiftCalculator */ = {
			isa = PBXNativeTarget;
			buildConfigurationList = 7D2A0CBE24899A9500401B84 /* Build configuration list for PBXNativeTarget "SwiftCalculator" */;
			buildPhases = (
				7D2A0CA624899A9200401B84 /* Sources */,
				7D2A0CA724899A9200401B84 /* Frameworks */,
				7D2A0CA824899A9200401B84 /* Resources */,
			);
			buildRules = (
			);
			dependencies = (
			);
			name = SwiftCalculator;
			productName = SwiftCalculator;
			productReference = 7D2A0CAA24899A9200401B84 /* SwiftCalculator.app */;
			productType = "com.apple.product-type.application";
		};
/* End PBXNativeTarget section */

/* Begin PBXProject section */
		7D2A0CA224899A9200401B84 /* Project object */ = {
			isa = PBXProject;
			attributes = {
				LastSwiftUpdateCheck = 1130;
				LastUpgradeCheck = 1130;
				ORGANIZATIONNAME = "Willian Antunes";
				TargetAttributes = {
					7D2A0CA924899A9200401B84 = {
						CreatedOnToolsVersion = 11.3.1;
					};
				};
			};
			buildConfigurationList = 7D2A0CA524899A9200401B84 /* Build configuration list for PBXProject "SwiftCalculator" */;
			compatibilityVersion = "Xcode 9.3";
			developmentRegion = en;
			hasScannedForEncodings = 0;
			knownRegions = (
				en,
				Base,
			);
			mainGroup = 7D2A0CA124899A9200401B84;
			productRefGroup = 7D2A0CAB24899A9200401B84 /* Products */;
			projectDirPath = "";
			projectRoot = "";
			targets = (
				7D2A0CA924899A9200401B84 /* SwiftCalculator */,
			);
		};
/* End PBXProject section */

/* Begin PBXResourcesBuildPhase section */
		7D2A0CA824899A9200401B84 /* Resources */ = {
			isa = PBXResourcesBuildPhase;
			buildActionMask = 2147483647;
			files = (
				7D2A0CBA24899A9500401B84 /* LaunchScreen.storyboard in Resources */,
				7D2A0CB724899A9500401B84 /* Preview Assets.xcassets in Resources */,
				7D2A0CB424899A9500401B84 /* Assets.xcassets in Resources */,
			);
			runOnlyForDeploymentPostprocessing = 0;
		};
/* End PBXResourcesBuildPhase section */

/* Begin PBXSourcesBuildPhase section */
		7D2A0CA624899A9200401B84 /* Sources */ = {
			isa = PBXSourcesBuildPhase;
			buildActionMask = 2147483647;
			files = (
				7D2A0CC424899AB800401B84 /* Extensions.swift in Sources */,
				7D2A0CC224899AAE00401B84 /* ImageClassifier.swift in Sources */,
				7D2A0CAE24899A9200401B84 /* AppDelegate.swift in Sources */,
				7D2A0CB024899A9200401B84 /* SceneDelegate.swift in Sources */,
				7D2A0CCA24899ACE00401B84 /* Drawing.swift in Sources */,
				7D2A0CB224899A9200401B84 /* ContentView.swift in Sources */,
				7D2A0CCE24899AE600401B84 /* CalculatorView.swift in Sources */,
				7D2A0CCC24899AD700401B84 /* CalculatorBrain.swift in Sources */,
				7D2A0CC824899AC700401B84 /* DrawingPad.swift in Sources */,
				7D2A0CC624899ABF00401B84 /* MNISTClassifier.mlmodel in Sources */,
			);
			runOnlyForDeploymentPostprocessing = 0;
		};
/* End PBXSourcesBuildPhase section */

/* Begin PBXVariantGroup section */
		7D2A0CB824899A9500401B84 /* LaunchScreen.storyboard */ = {
			isa = PBXVariantGroup;
			children = (
				7D2A0CB924899A9500401B84 /* Base */,
			);
			name = LaunchScreen.storyboard;
			sourceTree = "<group>";
		};
/* End PBXVariantGroup section */

/* Begin XCBuildConfiguration section */
		7D2A0CBC24899A9500401B84 /* Debug */ = {
			isa = XCBuildConfiguration;
			buildSettings = {
				ALWAYS_SEARCH_USER_PATHS = NO;
				CLANG_ANALYZER_NONNULL = YES;
				CLANG_ANALYZER_NUMBER_OBJECT_CONVERSION = YES_AGGRESSIVE;
				CLANG_CXX_LANGUAGE_STANDARD = "gnu++14";
				CLANG_CXX_LIBRARY = "libc++";
				CLANG_ENABLE_MODULES = YES;
				CLANG_ENABLE_OBJC_ARC = YES;
				CLANG_ENABLE_OBJC_WEAK = YES;
				CLANG_WARN_BLOCK_CAPTURE_AUTORELEASING = YES;
				CLANG_WARN_BOOL_CONVERSION = YES;
				CLANG_WARN_COMMA = YES;
				CLANG_WARN_CONSTANT_CONVERSION = YES;
				CLANG_WARN_DEPRECATED_OBJC_IMPLEMENTATIONS = YES;
				CLANG_WARN_DIRECT_OBJC_ISA_USAGE = YES_ERROR;
				CLANG_WARN_DOCUMENTATION_COMMENTS = YES;
				CLANG_WARN_EMPTY_BODY = YES;
				CLANG_WARN_ENUM_CONVERSION = YES;
				CLANG_WARN_INFINITE_RECURSION = YES;
				CLANG_WARN_INT_CONVERSION = YES;
				CLANG_WARN_NON_LITERAL_NULL_CONVERSION = YES;
				CLANG_WARN_OBJC_IMPLICIT_RETAIN_SELF = YES;
				CLANG_WARN_OBJC_LITERAL_CONVERSION = YES;
				CLANG_WARN_OBJC_ROOT_CLASS = YES_ERROR;
				CLANG_WARN_RANGE_LOOP_ANALYSIS = YES;
				CLANG_WARN_STRICT_PROTOTYPES = YES;
				CLANG_WARN_SUSPICIOUS_MOVE = YES;
				CLANG_WARN_UNGUARDED_AVAILABILITY = YES_AGGRESSIVE;
				CLANG_WARN_UNREACHABLE_CODE = YES;
				CLANG_WARN__DUPLICATE_METHOD_MATCH = YES;
				COPY_PHASE_STRIP = NO;
				DEBUG_INFORMATION_FORMAT = dwarf;
				ENABLE_STRICT_OBJC_MSGSEND = YES;
				ENABLE_TESTABILITY = YES;
				GCC_C_LANGUAGE_STANDARD = gnu11;
				GCC_DYNAMIC_NO_PIC = NO;
				GCC_NO_COMMON_BLOCKS = YES;
				GCC_OPTIMIZATION_LEVEL = 0;
				GCC_PREPROCESSOR_DEFINITIONS = (
					"DEBUG=1",
					"$(inherited)",
				);
				GCC_WARN_64_TO_32_BIT_CONVERSION = YES;
				GCC_WARN_ABOUT_RETURN_TYPE = YES_ERROR;
				GCC_WARN_UNDECLARED_SELECTOR = YES;
				GCC_WARN_UNINITIALIZED_AUTOS = YES_AGGRESSIVE;
				GCC_WARN_UNUSED_FUNCTION = YES;
				GCC_WARN_UNUSED_VARIABLE = YES;
				IPHONEOS_DEPLOYMENT_TARGET = 13.2;
				MTL_ENABLE_DEBUG_INFO = INCLUDE_SOURCE;
				MTL_FAST_MATH = YES;
				ONLY_ACTIVE_ARCH = YES;
				SDKROOT = iphoneos;
				SWIFT_ACTIVE_COMPILATION_CONDITIONS = DEBUG;
				SWIFT_OPTIMIZATION_LEVEL = "-Onone";
			};
			name = Debug;
		};
		7D2A0CBD24899A9500401B84 /* Release */ = {
			isa = XCBuildConfiguration;
			buildSettings = {
				ALWAYS_SEARCH_USER_PATHS = NO;
				CLANG_ANALYZER_NONNULL = YES;
				CLANG_ANALYZER_NUMBER_OBJECT_CONVERSION = YES_AGGRESSIVE;
				CLANG_CXX_LANGUAGE_STANDARD = "gnu++14";
				CLANG_CXX_LIBRARY = "libc++";
				CLANG_ENABLE_MODULES = YES;
				CLANG_ENABLE_OBJC_ARC = YES;
				CLANG_ENABLE_OBJC_WEAK = YES;
				CLANG_WARN_BLOCK_CAPTURE_AUTORELEASING = YES;
				CLANG_WARN_BOOL_CONVERSION = YES;
				CLANG_WARN_COMMA = YES;
				CLANG_WARN_CONSTANT_CONVERSION = YES;
				CLANG_WARN_DEPRECATED_OBJC_IMPLEMENTATIONS = YES;
				CLANG_WARN_DIRECT_OBJC_ISA_USAGE = YES_ERROR;
				CLANG_WARN_DOCUMENTATION_COMMENTS = YES;
				CLANG_WARN_EMPTY_BODY = YES;
				CLANG_WARN_ENUM_CONVERSION = YES;
				CLANG_WARN_INFINITE_RECURSION = YES;
				CLANG_WARN_INT_CONVERSION = YES;
				CLANG_WARN_NON_LITERAL_NULL_CONVERSION = YES;
				CLANG_WARN_OBJC_IMPLICIT_RETAIN_SELF = YES;
				CLANG_WARN_OBJC_LITERAL_CONVERSION = YES;
				CLANG_WARN_OBJC_ROOT_CLASS = YES_ERROR;
				CLANG_WARN_RANGE_LOOP_ANALYSIS = YES;
				CLANG_WARN_STRICT_PROTOTYPES = YES;
				CLANG_WARN_SUSPICIOUS_MOVE = YES;
				CLANG_WARN_UNGUARDED_AVAILABILITY = YES_AGGRESSIVE;
				CLANG_WARN_UNREACHABLE_CODE = YES;
				CLANG_WARN__DUPLICATE_METHOD_MATCH = YES;
				COPY_PHASE_STRIP = NO;
				DEBUG_INFORMATION_FORMAT = "dwarf-with-dsym";
				ENABLE_NS_ASSERTIONS = NO;
				ENABLE_STRICT_OBJC_MSGSEND = YES;
				GCC_C_LANGUAGE_STANDARD = gnu11;
				GCC_NO_COMMON_BLOCKS = YES;
				GCC_WARN_64_TO_32_BIT_CONVERSION = YES;
				GCC_WARN_ABOUT_RETURN_TYPE = YES_ERROR;
				GCC_WARN_UNDECLARED_SELECTOR = YES;
				GCC_WARN_UNINITIALIZED_AUTOS = YES_AGGRESSIVE;
				GCC_WARN_UNUSED_FUNCTION = YES;
				GCC_WARN_UNUSED_VARIABLE = YES;
				IPHONEOS_DEPLOYMENT_TARGET = 13.2;
				MTL_ENABLE_DEBUG_INFO = NO;
				MTL_FAST_MATH = YES;
				SDKROOT = iphoneos;
				SWIFT_COMPILATION_MODE = wholemodule;
				SWIFT_OPTIMIZATION_LEVEL = "-O";
				VALIDATE_PRODUCT = YES;
			};
			name = Release;
		};
		7D2A0CBF24899A9500401B84 /* Debug */ = {
			isa = XCBuildConfiguration;
			buildSettings = {
				ASSETCATALOG_COMPILER_APPICON_NAME = AppIcon;
				CODE_SIGN_STYLE = Automatic;
				DEVELOPMENT_ASSET_PATHS = "\"SwiftCalculator/Preview Content\"";
				DEVELOPMENT_TEAM = 2T5437E6FH;
				ENABLE_PREVIEWS = YES;
				INFOPLIST_FILE = SwiftCalculator/Info.plist;
				LD_RUNPATH_SEARCH_PATHS = (
					"$(inherited)",
					"@executable_path/Frameworks",
				);
				PRODUCT_BUNDLE_IDENTIFIER = edu.self.SwiftCalculator;
				PRODUCT_NAME = "$(TARGET_NAME)";
				SWIFT_VERSION = 5.0;
				TARGETED_DEVICE_FAMILY = "1,2";
			};
			name = Debug;
		};
		7D2A0CC024899A9500401B84 /* Release */ = {
			isa = XCBuildConfiguration;
			buildSettings = {
				ASSETCATALOG_COMPILER_APPICON_NAME = AppIcon;
				CODE_SIGN_STYLE = Automatic;
				DEVELOPMENT_ASSET_PATHS = "\"SwiftCalculator/Preview Content\"";
				DEVELOPMENT_TEAM = 2T5437E6FH;
				ENABLE_PREVIEWS = YES;
				INFOPLIST_FILE = SwiftCalculator/Info.plist;
				LD_RUNPATH_SEARCH_PATHS = (
					"$(inherited)",
					"@executable_path/Frameworks",
				);
				PRODUCT_BUNDLE_IDENTIFIER = edu.self.SwiftCalculator;
				PRODUCT_NAME = "$(TARGET_NAME)";
				SWIFT_VERSION = 5.0;
				TARGETED_DEVICE_FAMILY = "1,2";
			};
			name = Release;
		};
/* End XCBuildConfiguration section */

/* Begin XCConfigurationList section */
		7D2A0CA524899A9200401B84 /* Build configuration list for PBXProject "SwiftCalculator" */ = {
			isa = XCConfigurationList;
			buildConfigurations = (
				7D2A0CBC24899A9500401B84 /* Debug */,
				7D2A0CBD24899A9500401B84 /* Release */,
			);
			defaultConfigurationIsVisible = 0;
			defaultConfigurationName = Release;
		};
		7D2A0CBE24899A9500401B84 /* Build configuration list for PBXNativeTarget "SwiftCalculator" */ = {
			isa = XCConfigurationList;
			buildConfigurations = (
				7D2A0CBF24899A9500401B84 /* Debug */,
				7D2A0CC024899A9500401B84 /* Release */,
			);
			defaultConfigurationIsVisible = 0;
			defaultConfigurationName = Release;
		};
/* End XCConfigurationList section */
	};
	rootObject = 7D2A0CA224899A9200401B84 /* Project object */;
}
